
Microsoft Visual Studio Solution File, Format Version 12.00
# Visual Studio Version 16
VisualStudioVersion = 16.0.30225.117
MinimumVisualStudioVersion = 10.0.40219.1
Project("{FAE04EC0-301F-11D3-BF4B-00C04F79EFBC}") = "ProductBacklogForProjects", "ProductBacklogForProjects\ProductBacklogForProjects.csproj", "{C6BF2DDA-911F-41CB-986B-DCD3230C86B1}"
EndProject
Project("{FAE04EC0-301F-11D3-BF4B-00C04F79EFBC}") = "ProductBacklogForProjects.Entities", "..\..\..\Desktop\ProductBacklogCreator\Entities\ProductBacklogForProjects.Entities.csproj", "{D1995B84-8D73-405C-B9FD-C5307D9B872D}"
EndProject
Global
	GlobalSection(SolutionConfigurationPlatforms) = preSolution
		Debug|Any CPU = Debug|Any CPU
		Release|Any CPU = Release|Any CPU
	EndGlobalSection
	GlobalSection(ProjectConfigurationPlatforms) = postSolution
		{C6BF2DDA-911F-41CB-986B-DCD3230C86B1}.Debug|Any CPU.ActiveCfg = Debug|Any CPU
		{C6BF2DDA-911F-41CB-986B-DCD3230C86B1}.Debug|Any CPU.Build.0 = Debug|Any CPU
		{C6BF2DDA-911F-41CB-986B-DCD3230C86B1}.Release|Any CPU.ActiveCfg = Release|Any CPU
		{C6BF2DDA-911F-41CB-986B-DCD3230C86B1}.Release|Any CPU.Build.0 = Release|Any CPU
		{D1995B84-8D73-405C-B9FD-C5307D9B872D}.Debug|Any CPU.ActiveCfg = Debug|Any CPU
		{D1995B84-8D73-405C-B9FD-C5307D9B872D}.Debug|Any CPU.Build.0 = Debug|Any CPU
		{D1995B84-8D73-405C-B9FD-C5307D9B872D}.Release|Any CPU.ActiveCfg = Release|Any CPU
		{D1995B84-8D73-405C-B9FD-C5307D9B872D}.Release|Any CPU.Build.0 = Release|Any CPU
	EndGlobalSection
	GlobalSection(SolutionProperties) = preSolution
		HideSolutionNode = FALSE
	EndGlobalSection
	GlobalSection(ExtensibilityGlobals) = postSolution
		SolutionGuid = {0DA86ACC-DD9D-47BB-AA7C-A7105947C8D7}
	EndGlobalSection
EndGlobal
